
Microsoft Visual Studio Solution File, Format Version 12.00
# Visual Studio Version 16
VisualStudioVersion = 16.0.29613.14
MinimumVisualStudioVersion = 10.0.40219.1
Project("{FAE04EC0-301F-11D3-BF4B-00C04F79EFBC}") = "SH-CMS", "SH-CMS\SH-CMS.csproj", "{BE9F957A-BC9B-4624-BD68-E7A8BDC42F9B}"
EndProject
Global
	GlobalSection(SolutionConfigurationPlatforms) = preSolution
		Debug|Any CPU = Debug|Any CPU
		Release|Any CPU = Release|Any CPU
	EndGlobalSection
	GlobalSection(ProjectConfigurationPlatforms) = postSolution
		{BE9F957A-BC9B-4624-BD68-E7A8BDC42F9B}.Debug|Any CPU.ActiveCfg = Debug|Any CPU
		{BE9F957A-BC9B-4624-BD68-E7A8BDC42F9B}.Debug|Any CPU.Build.0 = Debug|Any CPU
		{BE9F957A-BC9B-4624-BD68-E7A8BDC42F9B}.Release|Any CPU.ActiveCfg = Release|Any CPU
		{BE9F957A-BC9B-4624-BD68-E7A8BDC42F9B}.Release|Any CPU.Build.0 = Release|Any CPU
	EndGlobalSection
	GlobalSection(SolutionProperties) = preSolution
		HideSolutionNode = FALSE
	EndGlobalSection
	GlobalSection(ExtensibilityGlobals) = postSolution
		SolutionGuid = {10283979-3B14-4E87-9871-DC800FD0CF52}
	EndGlobalSection
EndGlobal
